
Microsoft Visual Studio Solution File, Format Version 12.00
# Visual Studio Version 17
VisualStudioVersion = 17.5.33516.290
MinimumVisualStudioVersion = 10.0.40219.1
Project("{9A19103F-16F7-4668-BE54-9A1E7A4F7556}") = "MyComponents", "MyComponents\MyComponents.csproj", "{B4045D39-3A81-4DE3-929A-F8A0240DF6A9}"
EndProject
Project("{FAE04EC0-301F-11D3-BF4B-00C04F79EFBC}") = "MyComponents.Sample", "MyComponents.Sample\MyComponents.Sample.csproj", "{65FD98B8-4F51-49BE-8BAB-E2B9CC975352}"
EndProject
Global
	GlobalSection(SolutionConfigurationPlatforms) = preSolution
		Debug|Any CPU = Debug|Any CPU
		Release|Any CPU = Release|Any CPU
	EndGlobalSection
	GlobalSection(ProjectConfigurationPlatforms) = postSolution
		{B4045D39-3A81-4DE3-929A-F8A0240DF6A9}.Debug|Any CPU.ActiveCfg = Debug|Any CPU
		{B4045D39-3A81-4DE3-929A-F8A0240DF6A9}.Debug|Any CPU.Build.0 = Debug|Any CPU
		{B4045D39-3A81-4DE3-929A-F8A0240DF6A9}.Release|Any CPU.ActiveCfg = Release|Any CPU
		{B4045D39-3A81-4DE3-929A-F8A0240DF6A9}.Release|Any CPU.Build.0 = Release|Any CPU
		{65FD98B8-4F51-49BE-8BAB-E2B9CC975352}.Debug|Any CPU.ActiveCfg = Debug|Any CPU
		{65FD98B8-4F51-49BE-8BAB-E2B9CC975352}.Debug|Any CPU.Build.0 = Debug|Any CPU
		{65FD98B8-4F51-49BE-8BAB-E2B9CC975352}.Release|Any CPU.ActiveCfg = Release|Any CPU
		{65FD98B8-4F51-49BE-8BAB-E2B9CC975352}.Release|Any CPU.Build.0 = Release|Any CPU
	EndGlobalSection
	GlobalSection(SolutionProperties) = preSolution
		HideSolutionNode = FALSE
	EndGlobalSection
	GlobalSection(ExtensibilityGlobals) = postSolution
		SolutionGuid = {E9455DD8-A8AB-4E1B-88F7-2511B66367F9}
	EndGlobalSection
EndGlobal
